
Microsoft Visual Studio Solution File, Format Version 12.00
Project("{FAE04EC0-301F-11D3-BF4B-00C04F79EFBC}") = "Diiage.QuestService.Api", "Diiage.QuestService.Api\Diiage.QuestService.Api.csproj", "{9130444B-C267-4E20-BAD2-7BC6B261AB90}"
EndProject
Global
	GlobalSection(SolutionConfigurationPlatforms) = preSolution
		Debug|Any CPU = Debug|Any CPU
		Release|Any CPU = Release|Any CPU
	EndGlobalSection
	GlobalSection(ProjectConfigurationPlatforms) = postSolution
		{9130444B-C267-4E20-BAD2-7BC6B261AB90}.Debug|Any CPU.ActiveCfg = Debug|Any CPU
		{9130444B-C267-4E20-BAD2-7BC6B261AB90}.Debug|Any CPU.Build.0 = Debug|Any CPU
		{9130444B-C267-4E20-BAD2-7BC6B261AB90}.Release|Any CPU.ActiveCfg = Release|Any CPU
		{9130444B-C267-4E20-BAD2-7BC6B261AB90}.Release|Any CPU.Build.0 = Release|Any CPU
	EndGlobalSection
EndGlobal
