
Microsoft Visual Studio Solution File, Format Version 12.00
Project("{FAE04EC0-301F-11D3-BF4B-00C04F79EFBC}") = "Diiage.QuestService.Api", "Diiage.QuestService.Api\Diiage.QuestService.Api.csproj", "{9130444B-C267-4E20-BAD2-7BC6B261AB90}"
EndProject
Project("{2150E333-8FDC-42A3-9474-1A3956D46DE8}") = "Common", "Common", "{003B8D23-5707-4DD3-8EB2-4EDF8FD184B1}"
EndProject
Project("{FAE04EC0-301F-11D3-BF4B-00C04F79EFBC}") = "PierreProject.Common.Mediator", "pierreproject-api-nugets\PierreProject.Common.Mediator\PierreProject.Common.Mediator.csproj", "{E68A3160-E22C-4A44-87AB-20B924CB9DC8}"
EndProject
Project("{FAE04EC0-301F-11D3-BF4B-00C04F79EFBC}") = "ProjectPierre.Common.Exceptions", "pierreproject-api-nugets\ProjectPierre.Common.Exceptions\ProjectPierre.Common.Exceptions.csproj", "{D2590FF3-7D7F-43B0-B182-90457DBE972F}"
EndProject
Project("{FAE04EC0-301F-11D3-BF4B-00C04F79EFBC}") = "PierreProject.Common.Api", "pierreproject-api-nugets\PierreProject.Common.Api\PierreProject.Common.Api.csproj", "{93A7F149-E671-46DB-A739-2C5E7062ADA9}"
EndProject
Project("{FAE04EC0-301F-11D3-BF4B-00C04F79EFBC}") = "PierreProject.Common.Domain", "pierreproject-api-nugets\PierreProject.Common.Domain\PierreProject.Common.Domain.csproj", "{CC7909E5-9BD5-4733-8BCC-A7CCC1163FFF}"
EndProject
Project("{2150E333-8FDC-42A3-9474-1A3956D46DE8}") = "Application", "Application", "{BF5A1F0A-1D4A-4113-8904-4D938701AD35}"
EndProject
Project("{2150E333-8FDC-42A3-9474-1A3956D46DE8}") = "Domain", "Domain", "{CC244972-3511-4AD2-A32E-BD420B7E38C3}"
EndProject
Project("{2150E333-8FDC-42A3-9474-1A3956D46DE8}") = "Infrastructure", "Infrastructure", "{8342209E-618B-44A1-B41F-41F751FB72F8}"
EndProject
Project("{2150E333-8FDC-42A3-9474-1A3956D46DE8}") = "Test", "Test", "{EA5810F1-F38A-49F0-95AA-DD8253CDEAF8}"
EndProject
Project("{FAE04EC0-301F-11D3-BF4B-00C04F79EFBC}") = "Diiage.QuestService.Application", "Diiage.QuestService.Application\Diiage.QuestService.Application.csproj", "{A55A2393-A45D-42C4-870F-D28BCF835E2A}"
EndProject
Project("{FAE04EC0-301F-11D3-BF4B-00C04F79EFBC}") = "Diiage.QuestService.Domain", "Diiage.QuestService.Domain\Diiage.QuestService.Domain.csproj", "{F748F638-91C6-43FE-B244-39B9E21920AC}"
EndProject
Project("{FAE04EC0-301F-11D3-BF4B-00C04F79EFBC}") = "Diiage.QuestService.Persistence", "Diiage.QuestService.Persistence\Diiage.QuestService.Persistence.csproj", "{6855EB0F-C599-44C0-87A5-83FAAD10BEEA}"
EndProject
Project("{FAE04EC0-301F-11D3-BF4B-00C04F79EFBC}") = "Diiage.QuestService.Persistence.Migrations", "Diiage.QuestService.Persistence.Migrations\Diiage.QuestService.Persistence.Migrations.csproj", "{0B2910E3-4A75-4C92-B8F5-6175C2FF1E79}"
EndProject
Project("{FAE04EC0-301F-11D3-BF4B-00C04F79EFBC}") = "Diiage.QuestService.Repositories", "Diiage.QuestService.Repositories\Diiage.QuestService.Repositories.csproj", "{2A1AD1C0-C3E1-4BFC-BA34-B12310A08D39}"
EndProject
Project("{FAE04EC0-301F-11D3-BF4B-00C04F79EFBC}") = "Diiage.QuestService.Tests", "Diiage.QuestService.Tests\Diiage.QuestService.Tests.csproj", "{90BB6BDC-B76B-475F-9FF2-ACCC0ECEF607}"
EndProject
Global
	GlobalSection(SolutionConfigurationPlatforms) = preSolution
		Debug|Any CPU = Debug|Any CPU
		Debug|x64 = Debug|x64
		Debug|x86 = Debug|x86
		Release|Any CPU = Release|Any CPU
		Release|x64 = Release|x64
		Release|x86 = Release|x86
	EndGlobalSection
	GlobalSection(ProjectConfigurationPlatforms) = postSolution
		{9130444B-C267-4E20-BAD2-7BC6B261AB90}.Debug|Any CPU.ActiveCfg = Debug|Any CPU
		{9130444B-C267-4E20-BAD2-7BC6B261AB90}.Debug|Any CPU.Build.0 = Debug|Any CPU
		{9130444B-C267-4E20-BAD2-7BC6B261AB90}.Debug|x64.ActiveCfg = Debug|Any CPU
		{9130444B-C267-4E20-BAD2-7BC6B261AB90}.Debug|x64.Build.0 = Debug|Any CPU
		{9130444B-C267-4E20-BAD2-7BC6B261AB90}.Debug|x86.ActiveCfg = Debug|Any CPU
		{9130444B-C267-4E20-BAD2-7BC6B261AB90}.Debug|x86.Build.0 = Debug|Any CPU
		{9130444B-C267-4E20-BAD2-7BC6B261AB90}.Release|Any CPU.ActiveCfg = Release|Any CPU
		{9130444B-C267-4E20-BAD2-7BC6B261AB90}.Release|Any CPU.Build.0 = Release|Any CPU
		{9130444B-C267-4E20-BAD2-7BC6B261AB90}.Release|x64.ActiveCfg = Release|Any CPU
		{9130444B-C267-4E20-BAD2-7BC6B261AB90}.Release|x64.Build.0 = Release|Any CPU
		{9130444B-C267-4E20-BAD2-7BC6B261AB90}.Release|x86.ActiveCfg = Release|Any CPU
		{9130444B-C267-4E20-BAD2-7BC6B261AB90}.Release|x86.Build.0 = Release|Any CPU
		{E68A3160-E22C-4A44-87AB-20B924CB9DC8}.Debug|Any CPU.ActiveCfg = Debug|Any CPU
		{E68A3160-E22C-4A44-87AB-20B924CB9DC8}.Debug|Any CPU.Build.0 = Debug|Any CPU
		{E68A3160-E22C-4A44-87AB-20B924CB9DC8}.Debug|x64.ActiveCfg = Debug|Any CPU
		{E68A3160-E22C-4A44-87AB-20B924CB9DC8}.Debug|x64.Build.0 = Debug|Any CPU
		{E68A3160-E22C-4A44-87AB-20B924CB9DC8}.Debug|x86.ActiveCfg = Debug|Any CPU
		{E68A3160-E22C-4A44-87AB-20B924CB9DC8}.Debug|x86.Build.0 = Debug|Any CPU
		{E68A3160-E22C-4A44-87AB-20B924CB9DC8}.Release|Any CPU.ActiveCfg = Release|Any CPU
		{E68A3160-E22C-4A44-87AB-20B924CB9DC8}.Release|Any CPU.Build.0 = Release|Any CPU
		{E68A3160-E22C-4A44-87AB-20B924CB9DC8}.Release|x64.ActiveCfg = Release|Any CPU
		{E68A3160-E22C-4A44-87AB-20B924CB9DC8}.Release|x64.Build.0 = Release|Any CPU
		{E68A3160-E22C-4A44-87AB-20B924CB9DC8}.Release|x86.ActiveCfg = Release|Any CPU
		{E68A3160-E22C-4A44-87AB-20B924CB9DC8}.Release|x86.Build.0 = Release|Any CPU
		{D2590FF3-7D7F-43B0-B182-90457DBE972F}.Debug|Any CPU.ActiveCfg = Debug|Any CPU
		{D2590FF3-7D7F-43B0-B182-90457DBE972F}.Debug|Any CPU.Build.0 = Debug|Any CPU
		{D2590FF3-7D7F-43B0-B182-90457DBE972F}.Debug|x64.ActiveCfg = Debug|Any CPU
		{D2590FF3-7D7F-43B0-B182-90457DBE972F}.Debug|x64.Build.0 = Debug|Any CPU
		{D2590FF3-7D7F-43B0-B182-90457DBE972F}.Debug|x86.ActiveCfg = Debug|Any CPU
		{D2590FF3-7D7F-43B0-B182-90457DBE972F}.Debug|x86.Build.0 = Debug|Any CPU
		{D2590FF3-7D7F-43B0-B182-90457DBE972F}.Release|Any CPU.ActiveCfg = Release|Any CPU
		{D2590FF3-7D7F-43B0-B182-90457DBE972F}.Release|Any CPU.Build.0 = Release|Any CPU
		{D2590FF3-7D7F-43B0-B182-90457DBE972F}.Release|x64.ActiveCfg = Release|Any CPU
		{D2590FF3-7D7F-43B0-B182-90457DBE972F}.Release|x64.Build.0 = Release|Any CPU
		{D2590FF3-7D7F-43B0-B182-90457DBE972F}.Release|x86.ActiveCfg = Release|Any CPU
		{D2590FF3-7D7F-43B0-B182-90457DBE972F}.Release|x86.Build.0 = Release|Any CPU
		{93A7F149-E671-46DB-A739-2C5E7062ADA9}.Debug|Any CPU.ActiveCfg = Debug|Any CPU
		{93A7F149-E671-46DB-A739-2C5E7062ADA9}.Debug|Any CPU.Build.0 = Debug|Any CPU
		{93A7F149-E671-46DB-A739-2C5E7062ADA9}.Debug|x64.ActiveCfg = Debug|Any CPU
		{93A7F149-E671-46DB-A739-2C5E7062ADA9}.Debug|x64.Build.0 = Debug|Any CPU
		{93A7F149-E671-46DB-A739-2C5E7062ADA9}.Debug|x86.ActiveCfg = Debug|Any CPU
		{93A7F149-E671-46DB-A739-2C5E7062ADA9}.Debug|x86.Build.0 = Debug|Any CPU
		{93A7F149-E671-46DB-A739-2C5E7062ADA9}.Release|Any CPU.ActiveCfg = Release|Any CPU
		{93A7F149-E671-46DB-A739-2C5E7062ADA9}.Release|Any CPU.Build.0 = Release|Any CPU
		{93A7F149-E671-46DB-A739-2C5E7062ADA9}.Release|x64.ActiveCfg = Release|Any CPU
		{93A7F149-E671-46DB-A739-2C5E7062ADA9}.Release|x64.Build.0 = Release|Any CPU
		{93A7F149-E671-46DB-A739-2C5E7062ADA9}.Release|x86.ActiveCfg = Release|Any CPU
		{93A7F149-E671-46DB-A739-2C5E7062ADA9}.Release|x86.Build.0 = Release|Any CPU
		{CC7909E5-9BD5-4733-8BCC-A7CCC1163FFF}.Debug|Any CPU.ActiveCfg = Debug|Any CPU
		{CC7909E5-9BD5-4733-8BCC-A7CCC1163FFF}.Debug|Any CPU.Build.0 = Debug|Any CPU
		{CC7909E5-9BD5-4733-8BCC-A7CCC1163FFF}.Debug|x64.ActiveCfg = Debug|Any CPU
		{CC7909E5-9BD5-4733-8BCC-A7CCC1163FFF}.Debug|x64.Build.0 = Debug|Any CPU
		{CC7909E5-9BD5-4733-8BCC-A7CCC1163FFF}.Debug|x86.ActiveCfg = Debug|Any CPU
		{CC7909E5-9BD5-4733-8BCC-A7CCC1163FFF}.Debug|x86.Build.0 = Debug|Any CPU
		{CC7909E5-9BD5-4733-8BCC-A7CCC1163FFF}.Release|Any CPU.ActiveCfg = Release|Any CPU
		{CC7909E5-9BD5-4733-8BCC-A7CCC1163FFF}.Release|Any CPU.Build.0 = Release|Any CPU
		{CC7909E5-9BD5-4733-8BCC-A7CCC1163FFF}.Release|x64.ActiveCfg = Release|Any CPU
		{CC7909E5-9BD5-4733-8BCC-A7CCC1163FFF}.Release|x64.Build.0 = Release|Any CPU
		{CC7909E5-9BD5-4733-8BCC-A7CCC1163FFF}.Release|x86.ActiveCfg = Release|Any CPU
		{CC7909E5-9BD5-4733-8BCC-A7CCC1163FFF}.Release|x86.Build.0 = Release|Any CPU
		{A55A2393-A45D-42C4-870F-D28BCF835E2A}.Debug|Any CPU.ActiveCfg = Debug|Any CPU
		{A55A2393-A45D-42C4-870F-D28BCF835E2A}.Debug|Any CPU.Build.0 = Debug|Any CPU
		{A55A2393-A45D-42C4-870F-D28BCF835E2A}.Debug|x64.ActiveCfg = Debug|Any CPU
		{A55A2393-A45D-42C4-870F-D28BCF835E2A}.Debug|x64.Build.0 = Debug|Any CPU
		{A55A2393-A45D-42C4-870F-D28BCF835E2A}.Debug|x86.ActiveCfg = Debug|Any CPU
		{A55A2393-A45D-42C4-870F-D28BCF835E2A}.Debug|x86.Build.0 = Debug|Any CPU
		{A55A2393-A45D-42C4-870F-D28BCF835E2A}.Release|Any CPU.ActiveCfg = Release|Any CPU
		{A55A2393-A45D-42C4-870F-D28BCF835E2A}.Release|Any CPU.Build.0 = Release|Any CPU
		{A55A2393-A45D-42C4-870F-D28BCF835E2A}.Release|x64.ActiveCfg = Release|Any CPU
		{A55A2393-A45D-42C4-870F-D28BCF835E2A}.Release|x64.Build.0 = Release|Any CPU
		{A55A2393-A45D-42C4-870F-D28BCF835E2A}.Release|x86.ActiveCfg = Release|Any CPU
		{A55A2393-A45D-42C4-870F-D28BCF835E2A}.Release|x86.Build.0 = Release|Any CPU
		{F748F638-91C6-43FE-B244-39B9E21920AC}.Debug|Any CPU.ActiveCfg = Debug|Any CPU
		{F748F638-91C6-43FE-B244-39B9E21920AC}.Debug|Any CPU.Build.0 = Debug|Any CPU
		{F748F638-91C6-43FE-B244-39B9E21920AC}.Debug|x64.ActiveCfg = Debug|Any CPU
		{F748F638-91C6-43FE-B244-39B9E21920AC}.Debug|x64.Build.0 = Debug|Any CPU
		{F748F638-91C6-43FE-B244-39B9E21920AC}.Debug|x86.ActiveCfg = Debug|Any CPU
		{F748F638-91C6-43FE-B244-39B9E21920AC}.Debug|x86.Build.0 = Debug|Any CPU
		{F748F638-91C6-43FE-B244-39B9E21920AC}.Release|Any CPU.ActiveCfg = Release|Any CPU
		{F748F638-91C6-43FE-B244-39B9E21920AC}.Release|Any CPU.Build.0 = Release|Any CPU
		{F748F638-91C6-43FE-B244-39B9E21920AC}.Release|x64.ActiveCfg = Release|Any CPU
		{F748F638-91C6-43FE-B244-39B9E21920AC}.Release|x64.Build.0 = Release|Any CPU
		{F748F638-91C6-43FE-B244-39B9E21920AC}.Release|x86.ActiveCfg = Release|Any CPU
		{F748F638-91C6-43FE-B244-39B9E21920AC}.Release|x86.Build.0 = Release|Any CPU
		{6855EB0F-C599-44C0-87A5-83FAAD10BEEA}.Debug|Any CPU.ActiveCfg = Debug|Any CPU
		{6855EB0F-C599-44C0-87A5-83FAAD10BEEA}.Debug|Any CPU.Build.0 = Debug|Any CPU
		{6855EB0F-C599-44C0-87A5-83FAAD10BEEA}.Debug|x64.ActiveCfg = Debug|Any CPU
		{6855EB0F-C599-44C0-87A5-83FAAD10BEEA}.Debug|x64.Build.0 = Debug|Any CPU
		{6855EB0F-C599-44C0-87A5-83FAAD10BEEA}.Debug|x86.ActiveCfg = Debug|Any CPU
		{6855EB0F-C599-44C0-87A5-83FAAD10BEEA}.Debug|x86.Build.0 = Debug|Any CPU
		{6855EB0F-C599-44C0-87A5-83FAAD10BEEA}.Release|Any CPU.ActiveCfg = Release|Any CPU
		{6855EB0F-C599-44C0-87A5-83FAAD10BEEA}.Release|Any CPU.Build.0 = Release|Any CPU
		{6855EB0F-C599-44C0-87A5-83FAAD10BEEA}.Release|x64.ActiveCfg = Release|Any CPU
		{6855EB0F-C599-44C0-87A5-83FAAD10BEEA}.Release|x64.Build.0 = Release|Any CPU
		{6855EB0F-C599-44C0-87A5-83FAAD10BEEA}.Release|x86.ActiveCfg = Release|Any CPU
		{6855EB0F-C599-44C0-87A5-83FAAD10BEEA}.Release|x86.Build.0 = Release|Any CPU
		{0B2910E3-4A75-4C92-B8F5-6175C2FF1E79}.Debug|Any CPU.ActiveCfg = Debug|Any CPU
		{0B2910E3-4A75-4C92-B8F5-6175C2FF1E79}.Debug|Any CPU.Build.0 = Debug|Any CPU
		{0B2910E3-4A75-4C92-B8F5-6175C2FF1E79}.Debug|x64.ActiveCfg = Debug|Any CPU
		{0B2910E3-4A75-4C92-B8F5-6175C2FF1E79}.Debug|x64.Build.0 = Debug|Any CPU
		{0B2910E3-4A75-4C92-B8F5-6175C2FF1E79}.Debug|x86.ActiveCfg = Debug|Any CPU
		{0B2910E3-4A75-4C92-B8F5-6175C2FF1E79}.Debug|x86.Build.0 = Debug|Any CPU
		{0B2910E3-4A75-4C92-B8F5-6175C2FF1E79}.Release|Any CPU.ActiveCfg = Release|Any CPU
		{0B2910E3-4A75-4C92-B8F5-6175C2FF1E79}.Release|Any CPU.Build.0 = Release|Any CPU
		{0B2910E3-4A75-4C92-B8F5-6175C2FF1E79}.Release|x64.ActiveCfg = Release|Any CPU
		{0B2910E3-4A75-4C92-B8F5-6175C2FF1E79}.Release|x64.Build.0 = Release|Any CPU
		{0B2910E3-4A75-4C92-B8F5-6175C2FF1E79}.Release|x86.ActiveCfg = Release|Any CPU
		{0B2910E3-4A75-4C92-B8F5-6175C2FF1E79}.Release|x86.Build.0 = Release|Any CPU
		{2A1AD1C0-C3E1-4BFC-BA34-B12310A08D39}.Debug|Any CPU.ActiveCfg = Debug|Any CPU
		{2A1AD1C0-C3E1-4BFC-BA34-B12310A08D39}.Debug|Any CPU.Build.0 = Debug|Any CPU
		{2A1AD1C0-C3E1-4BFC-BA34-B12310A08D39}.Debug|x64.ActiveCfg = Debug|Any CPU
		{2A1AD1C0-C3E1-4BFC-BA34-B12310A08D39}.Debug|x64.Build.0 = Debug|Any CPU
		{2A1AD1C0-C3E1-4BFC-BA34-B12310A08D39}.Debug|x86.ActiveCfg = Debug|Any CPU
		{2A1AD1C0-C3E1-4BFC-BA34-B12310A08D39}.Debug|x86.Build.0 = Debug|Any CPU
		{2A1AD1C0-C3E1-4BFC-BA34-B12310A08D39}.Release|Any CPU.ActiveCfg = Release|Any CPU
		{2A1AD1C0-C3E1-4BFC-BA34-B12310A08D39}.Release|Any CPU.Build.0 = Release|Any CPU
		{2A1AD1C0-C3E1-4BFC-BA34-B12310A08D39}.Release|x64.ActiveCfg = Release|Any CPU
		{2A1AD1C0-C3E1-4BFC-BA34-B12310A08D39}.Release|x64.Build.0 = Release|Any CPU
		{2A1AD1C0-C3E1-4BFC-BA34-B12310A08D39}.Release|x86.ActiveCfg = Release|Any CPU
		{2A1AD1C0-C3E1-4BFC-BA34-B12310A08D39}.Release|x86.Build.0 = Release|Any CPU
		{90BB6BDC-B76B-475F-9FF2-ACCC0ECEF607}.Debug|Any CPU.ActiveCfg = Debug|Any CPU
		{90BB6BDC-B76B-475F-9FF2-ACCC0ECEF607}.Debug|Any CPU.Build.0 = Debug|Any CPU
		{90BB6BDC-B76B-475F-9FF2-ACCC0ECEF607}.Debug|x64.ActiveCfg = Debug|Any CPU
		{90BB6BDC-B76B-475F-9FF2-ACCC0ECEF607}.Debug|x64.Build.0 = Debug|Any CPU
		{90BB6BDC-B76B-475F-9FF2-ACCC0ECEF607}.Debug|x86.ActiveCfg = Debug|Any CPU
		{90BB6BDC-B76B-475F-9FF2-ACCC0ECEF607}.Debug|x86.Build.0 = Debug|Any CPU
		{90BB6BDC-B76B-475F-9FF2-ACCC0ECEF607}.Release|Any CPU.ActiveCfg = Release|Any CPU
		{90BB6BDC-B76B-475F-9FF2-ACCC0ECEF607}.Release|Any CPU.Build.0 = Release|Any CPU
		{90BB6BDC-B76B-475F-9FF2-ACCC0ECEF607}.Release|x64.ActiveCfg = Release|Any CPU
		{90BB6BDC-B76B-475F-9FF2-ACCC0ECEF607}.Release|x64.Build.0 = Release|Any CPU
		{90BB6BDC-B76B-475F-9FF2-ACCC0ECEF607}.Release|x86.ActiveCfg = Release|Any CPU
		{90BB6BDC-B76B-475F-9FF2-ACCC0ECEF607}.Release|x86.Build.0 = Release|Any CPU
	EndGlobalSection
	GlobalSection(SolutionProperties) = preSolution
		HideSolutionNode = FALSE
	EndGlobalSection
	GlobalSection(NestedProjects) = preSolution
		{E68A3160-E22C-4A44-87AB-20B924CB9DC8} = {003B8D23-5707-4DD3-8EB2-4EDF8FD184B1}
		{D2590FF3-7D7F-43B0-B182-90457DBE972F} = {003B8D23-5707-4DD3-8EB2-4EDF8FD184B1}
		{93A7F149-E671-46DB-A739-2C5E7062ADA9} = {003B8D23-5707-4DD3-8EB2-4EDF8FD184B1}
		{CC7909E5-9BD5-4733-8BCC-A7CCC1163FFF} = {003B8D23-5707-4DD3-8EB2-4EDF8FD184B1}
		{A55A2393-A45D-42C4-870F-D28BCF835E2A} = {BF5A1F0A-1D4A-4113-8904-4D938701AD35}
		{F748F638-91C6-43FE-B244-39B9E21920AC} = {CC244972-3511-4AD2-A32E-BD420B7E38C3}
		{6855EB0F-C599-44C0-87A5-83FAAD10BEEA} = {8342209E-618B-44A1-B41F-41F751FB72F8}
		{0B2910E3-4A75-4C92-B8F5-6175C2FF1E79} = {8342209E-618B-44A1-B41F-41F751FB72F8}
		{2A1AD1C0-C3E1-4BFC-BA34-B12310A08D39} = {8342209E-618B-44A1-B41F-41F751FB72F8}
		{90BB6BDC-B76B-475F-9FF2-ACCC0ECEF607} = {EA5810F1-F38A-49F0-95AA-DD8253CDEAF8}
	EndGlobalSection
EndGlobal
